// !$*UTF8*$!
{
	archiveVersion = 1;
	classes = {
	};
	objectVersion = 50;
	objects = {

/* Begin PBXBuildFile section */
		5E79FA7224EE03CC00AE7A15 /* RPSGame.swift in Sources */ = {isa = PBXBuildFile; fileRef = 5E79FA7124EE03CC00AE7A15 /* RPSGame.swift */; };
		5E79FA7524EE03FF00AE7A15 /* Box.swift in Sources */ = {isa = PBXBuildFile; fileRef = 5E79FA7424EE03FF00AE7A15 /* Box.swift */; };
		5E79FA7724EE054300AE7A15 /* GameViewModel.swift in Sources */ = {isa = PBXBuildFile; fileRef = 5E79FA7624EE054300AE7A15 /* GameViewModel.swift */; };
		5EA00DA824ED664800640945 /* AppDelegate.swift in Sources */ = {isa = PBXBuildFile; fileRef = 5EA00DA724ED664800640945 /* AppDelegate.swift */; };
		5EA00DAA24ED664800640945 /* SceneDelegate.swift in Sources */ = {isa = PBXBuildFile; fileRef = 5EA00DA924ED664800640945 /* SceneDelegate.swift */; };
		5EA00DB124ED664900640945 /* Assets.xcassets in Resources */ = {isa = PBXBuildFile; fileRef = 5EA00DB024ED664900640945 /* Assets.xcassets */; };
		5EA00DB424ED664900640945 /* LaunchScreen.storyboard in Resources */ = {isa = PBXBuildFile; fileRef = 5EA00DB224ED664900640945 /* LaunchScreen.storyboard */; };
		5EA00DC124ED67CC00640945 /* GameViewController.swift in Sources */ = {isa = PBXBuildFile; fileRef = 5EA00DBF24ED67CC00640945 /* GameViewController.swift */; };
		5EA00DC224ED67CC00640945 /* GameViewController.xib in Resources */ = {isa = PBXBuildFile; fileRef = 5EA00DC024ED67CC00640945 /* GameViewController.xib */; };
		5EA00DC424ED6AF200640945 /* GameView.swift in Sources */ = {isa = PBXBuildFile; fileRef = 5EA00DC324ED6AF200640945 /* GameView.swift */; };
/* End PBXBuildFile section */

/* Begin PBXFileReference section */
		5E79FA7124EE03CC00AE7A15 /* RPSGame.swift */ = {isa = PBXFileReference; lastKnownFileType = sourcecode.swift; path = RPSGame.swift; sourceTree = "<group>"; };
		5E79FA7424EE03FF00AE7A15 /* Box.swift */ = {isa = PBXFileReference; lastKnownFileType = sourcecode.swift; path = Box.swift; sourceTree = "<group>"; };
		5E79FA7624EE054300AE7A15 /* GameViewModel.swift */ = {isa = PBXFileReference; lastKnownFileType = sourcecode.swift; path = GameViewModel.swift; sourceTree = "<group>"; };
		5EA00DA424ED664800640945 /* RPS-Game.app */ = {isa = PBXFileReference; explicitFileType = wrapper.application; includeInIndex = 0; path = "RPS-Game.app"; sourceTree = BUILT_PRODUCTS_DIR; };
		5EA00DA724ED664800640945 /* AppDelegate.swift */ = {isa = PBXFileReference; lastKnownFileType = sourcecode.swift; path = AppDelegate.swift; sourceTree = "<group>"; };
		5EA00DA924ED664800640945 /* SceneDelegate.swift */ = {isa = PBXFileReference; lastKnownFileType = sourcecode.swift; path = SceneDelegate.swift; sourceTree = "<group>"; };
		5EA00DB024ED664900640945 /* Assets.xcassets */ = {isa = PBXFileReference; lastKnownFileType = folder.assetcatalog; path = Assets.xcassets; sourceTree = "<group>"; };
		5EA00DB324ED664900640945 /* Base */ = {isa = PBXFileReference; lastKnownFileType = file.storyboard; name = Base; path = Base.lproj/LaunchScreen.storyboard; sourceTree = "<group>"; };
		5EA00DB524ED664900640945 /* Info.plist */ = {isa = PBXFileReference; lastKnownFileType = text.plist.xml; path = Info.plist; sourceTree = "<group>"; };
		5EA00DBF24ED67CC00640945 /* GameViewController.swift */ = {isa = PBXFileReference; lastKnownFileType = sourcecode.swift; path = GameViewController.swift; sourceTree = "<group>"; };
		5EA00DC024ED67CC00640945 /* GameViewController.xib */ = {isa = PBXFileReference; lastKnownFileType = file.xib; path = GameViewController.xib; sourceTree = "<group>"; };
		5EA00DC324ED6AF200640945 /* GameView.swift */ = {isa = PBXFileReference; lastKnownFileType = sourcecode.swift; path = GameView.swift; sourceTree = "<group>"; };
/* End PBXFileReference section */

/* Begin PBXFrameworksBuildPhase section */
		5EA00DA124ED664800640945 /* Frameworks */ = {
			isa = PBXFrameworksBuildPhase;
			buildActionMask = 2147483647;
			files = (
			);
			runOnlyForDeploymentPostprocessing = 0;
		};
/* End PBXFrameworksBuildPhase section */

/* Begin PBXGroup section */
		5E79FA7324EE03EA00AE7A15 /* Helper */ = {
			isa = PBXGroup;
			children = (
				5E79FA7424EE03FF00AE7A15 /* Box.swift */,
			);
			path = Helper;
			sourceTree = "<group>";
		};
		5E79FA7824EE0FC900AE7A15 /* View */ = {
			isa = PBXGroup;
			children = (
				5EA00DBF24ED67CC00640945 /* GameViewController.swift */,
				5EA00DC024ED67CC00640945 /* GameViewController.xib */,
				5EA00DC324ED6AF200640945 /* GameView.swift */,
			);
			path = View;
			sourceTree = "<group>";
		};
		5E79FA7924EE0FD500AE7A15 /* Model */ = {
			isa = PBXGroup;
			children = (
				5E79FA7124EE03CC00AE7A15 /* RPSGame.swift */,
			);
			path = Model;
			sourceTree = "<group>";
		};
		5E79FA7A24EE0FDF00AE7A15 /* ViewModel */ = {
			isa = PBXGroup;
			children = (
				5E79FA7624EE054300AE7A15 /* GameViewModel.swift */,
			);
			path = ViewModel;
			sourceTree = "<group>";
		};
		5EA00D9B24ED664800640945 = {
			isa = PBXGroup;
			children = (
				5EA00DA624ED664800640945 /* RPS-Game */,
				5EA00DA524ED664800640945 /* Products */,
			);
			sourceTree = "<group>";
		};
		5EA00DA524ED664800640945 /* Products */ = {
			isa = PBXGroup;
			children = (
				5EA00DA424ED664800640945 /* RPS-Game.app */,
			);
			name = Products;
			sourceTree = "<group>";
		};
		5EA00DA624ED664800640945 /* RPS-Game */ = {
			isa = PBXGroup;
			children = (
				5EA00DBC24ED669600640945 /* Applications */,
				5EA00DBB24ED668300640945 /* SupportingFiles */,
			);
			path = "RPS-Game";
			sourceTree = "<group>";
		};
		5EA00DBB24ED668300640945 /* SupportingFiles */ = {
			isa = PBXGroup;
			children = (
				5EA00DB024ED664900640945 /* Assets.xcassets */,
				5EA00DB224ED664900640945 /* LaunchScreen.storyboard */,
				5EA00DB524ED664900640945 /* Info.plist */,
			);
			path = SupportingFiles;
			sourceTree = "<group>";
		};
		5EA00DBC24ED669600640945 /* Applications */ = {
			isa = PBXGroup;
			children = (
				5E79FA7324EE03EA00AE7A15 /* Helper */,
				5EA00DBD24ED676800640945 /* Main */,
				5EA00DBE24ED677100640945 /* Game */,
			);
			path = Applications;
			sourceTree = "<group>";
		};
		5EA00DBD24ED676800640945 /* Main */ = {
			isa = PBXGroup;
			children = (
				5EA00DA724ED664800640945 /* AppDelegate.swift */,
				5EA00DA924ED664800640945 /* SceneDelegate.swift */,
			);
			path = Main;
			sourceTree = "<group>";
		};
		5EA00DBE24ED677100640945 /* Game */ = {
			isa = PBXGroup;
			children = (
				5E79FA7924EE0FD500AE7A15 /* Model */,
				5E79FA7824EE0FC900AE7A15 /* View */,
				5E79FA7A24EE0FDF00AE7A15 /* ViewModel */,
			);
			path = Game;
			sourceTree = "<group>";
		};
/* End PBXGroup section */

/* Begin PBXNativeTarget section */
		5EA00DA324ED664800640945 /* RPS-Game */ = {
			isa = PBXNativeTarget;
			buildConfigurationList = 5EA00DB824ED664900640945 /* Build configuration list for PBXNativeTarget "RPS-Game" */;
			buildPhases = (
				5EA00DA024ED664800640945 /* Sources */,
				5EA00DA124ED664800640945 /* Frameworks */,
				5EA00DA224ED664800640945 /* Resources */,
			);
			buildRules = (
			);
			dependencies = (
			);
			name = "RPS-Game";
			productName = "RPS-Game";
			productReference = 5EA00DA424ED664800640945 /* RPS-Game.app */;
			productType = "com.apple.product-type.application";
		};
/* End PBXNativeTarget section */

/* Begin PBXProject section */
		5EA00D9C24ED664800640945 /* Project object */ = {
			isa = PBXProject;
			attributes = {
				LastSwiftUpdateCheck = 1150;
				LastUpgradeCheck = 1150;
				ORGANIZATIONNAME = "Jeremy Xue";
				TargetAttributes = {
					5EA00DA324ED664800640945 = {
						CreatedOnToolsVersion = 11.5;
					};
				};
			};
			buildConfigurationList = 5EA00D9F24ED664800640945 /* Build configuration list for PBXProject "RPS-Game" */;
			compatibilityVersion = "Xcode 9.3";
			developmentRegion = en;
			hasScannedForEncodings = 0;
			knownRegions = (
				en,
				Base,
			);
			mainGroup = 5EA00D9B24ED664800640945;
			productRefGroup = 5EA00DA524ED664800640945 /* Products */;
			projectDirPath = "";
			projectRoot = "";
			targets = (
				5EA00DA324ED664800640945 /* RPS-Game */,
			);
		};
/* End PBXProject section */

/* Begin PBXResourcesBuildPhase section */
		5EA00DA224ED664800640945 /* Resources */ = {
			isa = PBXResourcesBuildPhase;
			buildActionMask = 2147483647;
			files = (
				5EA00DB424ED664900640945 /* LaunchScreen.storyboard in Resources */,
				5EA00DB124ED664900640945 /* Assets.xcassets in Resources */,
				5EA00DC224ED67CC00640945 /* GameViewController.xib in Resources */,
			);
			runOnlyForDeploymentPostprocessing = 0;
		};
/* End PBXResourcesBuildPhase section */

/* Begin PBXSourcesBuildPhase section */
		5EA00DA024ED664800640945 /* Sources */ = {
			isa = PBXSourcesBuildPhase;
			buildActionMask = 2147483647;
			files = (
				5EA00DA824ED664800640945 /* AppDelegate.swift in Sources */,
				5E79FA7224EE03CC00AE7A15 /* RPSGame.swift in Sources */,
				5EA00DC124ED67CC00640945 /* GameViewController.swift in Sources */,
				5E79FA7524EE03FF00AE7A15 /* Box.swift in Sources */,
				5EA00DC424ED6AF200640945 /* GameView.swift in Sources */,
				5EA00DAA24ED664800640945 /* SceneDelegate.swift in Sources */,
				5E79FA7724EE054300AE7A15 /* GameViewModel.swift in Sources */,
			);
			runOnlyForDeploymentPostprocessing = 0;
		};
/* End PBXSourcesBuildPhase section */

/* Begin PBXVariantGroup section */
		5EA00DB224ED664900640945 /* LaunchScreen.storyboard */ = {
			isa = PBXVariantGroup;
			children = (
				5EA00DB324ED664900640945 /* Base */,
			);
			name = LaunchScreen.storyboard;
			sourceTree = "<group>";
		};
/* End PBXVariantGroup section */

/* Begin XCBuildConfiguration section */
		5EA00DB624ED664900640945 /* Debug */ = {
			isa = XCBuildConfiguration;
			buildSettings = {
				ALWAYS_SEARCH_USER_PATHS = NO;
				CLANG_ANALYZER_NONNULL = YES;
				CLANG_ANALYZER_NUMBER_OBJECT_CONVERSION = YES_AGGRESSIVE;
				CLANG_CXX_LANGUAGE_STANDARD = "gnu++14";
				CLANG_CXX_LIBRARY = "libc++";
				CLANG_ENABLE_MODULES = YES;
				CLANG_ENABLE_OBJC_ARC = YES;
				CLANG_ENABLE_OBJC_WEAK = YES;
				CLANG_WARN_BLOCK_CAPTURE_AUTORELEASING = YES;
				CLANG_WARN_BOOL_CONVERSION = YES;
				CLANG_WARN_COMMA = YES;
				CLANG_WARN_CONSTANT_CONVERSION = YES;
				CLANG_WARN_DEPRECATED_OBJC_IMPLEMENTATIONS = YES;
				CLANG_WARN_DIRECT_OBJC_ISA_USAGE = YES_ERROR;
				CLANG_WARN_DOCUMENTATION_COMMENTS = YES;
				CLANG_WARN_EMPTY_BODY = YES;
				CLANG_WARN_ENUM_CONVERSION = YES;
				CLANG_WARN_INFINITE_RECURSION = YES;
				CLANG_WARN_INT_CONVERSION = YES;
				CLANG_WARN_NON_LITERAL_NULL_CONVERSION = YES;
				CLANG_WARN_OBJC_IMPLICIT_RETAIN_SELF = YES;
				CLANG_WARN_OBJC_LITERAL_CONVERSION = YES;
				CLANG_WARN_OBJC_ROOT_CLASS = YES_ERROR;
				CLANG_WARN_RANGE_LOOP_ANALYSIS = YES;
				CLANG_WARN_STRICT_PROTOTYPES = YES;
				CLANG_WARN_SUSPICIOUS_MOVE = YES;
				CLANG_WARN_UNGUARDED_AVAILABILITY = YES_AGGRESSIVE;
				CLANG_WARN_UNREACHABLE_CODE = YES;
				CLANG_WARN__DUPLICATE_METHOD_MATCH = YES;
				COPY_PHASE_STRIP = NO;
				DEBUG_INFORMATION_FORMAT = dwarf;
				ENABLE_STRICT_OBJC_MSGSEND = YES;
				ENABLE_TESTABILITY = YES;
				GCC_C_LANGUAGE_STANDARD = gnu11;
				GCC_DYNAMIC_NO_PIC = NO;
				GCC_NO_COMMON_BLOCKS = YES;
				GCC_OPTIMIZATION_LEVEL = 0;
				GCC_PREPROCESSOR_DEFINITIONS = (
					"DEBUG=1",
					"$(inherited)",
				);
				GCC_WARN_64_TO_32_BIT_CONVERSION = YES;
				GCC_WARN_ABOUT_RETURN_TYPE = YES_ERROR;
				GCC_WARN_UNDECLARED_SELECTOR = YES;
				GCC_WARN_UNINITIALIZED_AUTOS = YES_AGGRESSIVE;
				GCC_WARN_UNUSED_FUNCTION = YES;
				GCC_WARN_UNUSED_VARIABLE = YES;
				IPHONEOS_DEPLOYMENT_TARGET = 13.5;
				MTL_ENABLE_DEBUG_INFO = INCLUDE_SOURCE;
				MTL_FAST_MATH = YES;
				ONLY_ACTIVE_ARCH = YES;
				SDKROOT = iphoneos;
				SWIFT_ACTIVE_COMPILATION_CONDITIONS = DEBUG;
				SWIFT_OPTIMIZATION_LEVEL = "-Onone";
			};
			name = Debug;
		};
		5EA00DB724ED664900640945 /* Release */ = {
			isa = XCBuildConfiguration;
			buildSettings = {
				ALWAYS_SEARCH_USER_PATHS = NO;
				CLANG_ANALYZER_NONNULL = YES;
				CLANG_ANALYZER_NUMBER_OBJECT_CONVERSION = YES_AGGRESSIVE;
				CLANG_CXX_LANGUAGE_STANDARD = "gnu++14";
				CLANG_CXX_LIBRARY = "libc++";
				CLANG_ENABLE_MODULES = YES;
				CLANG_ENABLE_OBJC_ARC = YES;
				CLANG_ENABLE_OBJC_WEAK = YES;
				CLANG_WARN_BLOCK_CAPTURE_AUTORELEASING = YES;
				CLANG_WARN_BOOL_CONVERSION = YES;
				CLANG_WARN_COMMA = YES;
				CLANG_WARN_CONSTANT_CONVERSION = YES;
				CLANG_WARN_DEPRECATED_OBJC_IMPLEMENTATIONS = YES;
				CLANG_WARN_DIRECT_OBJC_ISA_USAGE = YES_ERROR;
				CLANG_WARN_DOCUMENTATION_COMMENTS = YES;
				CLANG_WARN_EMPTY_BODY = YES;
				CLANG_WARN_ENUM_CONVERSION = YES;
				CLANG_WARN_INFINITE_RECURSION = YES;
				CLANG_WARN_INT_CONVERSION = YES;
				CLANG_WARN_NON_LITERAL_NULL_CONVERSION = YES;
				CLANG_WARN_OBJC_IMPLICIT_RETAIN_SELF = YES;
				CLANG_WARN_OBJC_LITERAL_CONVERSION = YES;
				CLANG_WARN_OBJC_ROOT_CLASS = YES_ERROR;
				CLANG_WARN_RANGE_LOOP_ANALYSIS = YES;
				CLANG_WARN_STRICT_PROTOTYPES = YES;
				CLANG_WARN_SUSPICIOUS_MOVE = YES;
				CLANG_WARN_UNGUARDED_AVAILABILITY = YES_AGGRESSIVE;
				CLANG_WARN_UNREACHABLE_CODE = YES;
				CLANG_WARN__DUPLICATE_METHOD_MATCH = YES;
				COPY_PHASE_STRIP = NO;
				DEBUG_INFORMATION_FORMAT = "dwarf-with-dsym";
				ENABLE_NS_ASSERTIONS = NO;
				ENABLE_STRICT_OBJC_MSGSEND = YES;
				GCC_C_LANGUAGE_STANDARD = gnu11;
				GCC_NO_COMMON_BLOCKS = YES;
				GCC_WARN_64_TO_32_BIT_CONVERSION = YES;
				GCC_WARN_ABOUT_RETURN_TYPE = YES_ERROR;
				GCC_WARN_UNDECLARED_SELECTOR = YES;
				GCC_WARN_UNINITIALIZED_AUTOS = YES_AGGRESSIVE;
				GCC_WARN_UNUSED_FUNCTION = YES;
				GCC_WARN_UNUSED_VARIABLE = YES;
				IPHONEOS_DEPLOYMENT_TARGET = 13.5;
				MTL_ENABLE_DEBUG_INFO = NO;
				MTL_FAST_MATH = YES;
				SDKROOT = iphoneos;
				SWIFT_COMPILATION_MODE = wholemodule;
				SWIFT_OPTIMIZATION_LEVEL = "-O";
				VALIDATE_PRODUCT = YES;
			};
			name = Release;
		};
		5EA00DB924ED664900640945 /* Debug */ = {
			isa = XCBuildConfiguration;
			buildSettings = {
				ASSETCATALOG_COMPILER_APPICON_NAME = AppIcon;
				CODE_SIGN_STYLE = Automatic;
				DEVELOPMENT_TEAM = 4PAC9XA99N;
				INFOPLIST_FILE = "RPS-Game/SupportingFiles/Info.plist";
				LD_RUNPATH_SEARCH_PATHS = (
					"$(inherited)",
					"@executable_path/Frameworks",
				);
				PRODUCT_BUNDLE_IDENTIFIER = "com.jeremyxue.RPS-Game";
				PRODUCT_NAME = "$(TARGET_NAME)";
				SWIFT_VERSION = 5.0;
				TARGETED_DEVICE_FAMILY = 1;
			};
			name = Debug;
		};
		5EA00DBA24ED664900640945 /* Release */ = {
			isa = XCBuildConfiguration;
			buildSettings = {
				ASSETCATALOG_COMPILER_APPICON_NAME = AppIcon;
				CODE_SIGN_STYLE = Automatic;
				DEVELOPMENT_TEAM = 4PAC9XA99N;
				INFOPLIST_FILE = "RPS-Game/SupportingFiles/Info.plist";
				LD_RUNPATH_SEARCH_PATHS = (
					"$(inherited)",
					"@executable_path/Frameworks",
				);
				PRODUCT_BUNDLE_IDENTIFIER = "com.jeremyxue.RPS-Game";
				PRODUCT_NAME = "$(TARGET_NAME)";
				SWIFT_VERSION = 5.0;
				TARGETED_DEVICE_FAMILY = 1;
			};
			name = Release;
		};
/* End XCBuildConfiguration section */

/* Begin XCConfigurationList section */
		5EA00D9F24ED664800640945 /* Build configuration list for PBXProject "RPS-Game" */ = {
			isa = XCConfigurationList;
			buildConfigurations = (
				5EA00DB624ED664900640945 /* Debug */,
				5EA00DB724ED664900640945 /* Release */,
			);
			defaultConfigurationIsVisible = 0;
			defaultConfigurationName = Release;
		};
		5EA00DB824ED664900640945 /* Build configuration list for PBXNativeTarget "RPS-Game" */ = {
			isa = XCConfigurationList;
			buildConfigurations = (
				5EA00DB924ED664900640945 /* Debug */,
				5EA00DBA24ED664900640945 /* Release */,
			);
			defaultConfigurationIsVisible = 0;
			defaultConfigurationName = Release;
		};
/* End XCConfigurationList section */
	};
	rootObject = 5EA00D9C24ED664800640945 /* Project object */;
}
